
Microsoft Visual Studio Solution File, Format Version 12.00
# Visual Studio Version 16
VisualStudioVersion = 16.0.31702.278
MinimumVisualStudioVersion = 10.0.40219.1
Project("{FAE04EC0-301F-11D3-BF4B-00C04F79EFBC}") = "blutKlinik", "blutKlinik\blutKlinik.csproj", "{0A7E18A6-24E4-4366-97C5-A88CB37E6A30}"
EndProject
Global
	GlobalSection(SolutionConfigurationPlatforms) = preSolution
		Debug|Any CPU = Debug|Any CPU
		Release|Any CPU = Release|Any CPU
	EndGlobalSection
	GlobalSection(ProjectConfigurationPlatforms) = postSolution
		{0A7E18A6-24E4-4366-97C5-A88CB37E6A30}.Debug|Any CPU.ActiveCfg = Debug|Any CPU
		{0A7E18A6-24E4-4366-97C5-A88CB37E6A30}.Debug|Any CPU.Build.0 = Debug|Any CPU
		{0A7E18A6-24E4-4366-97C5-A88CB37E6A30}.Release|Any CPU.ActiveCfg = Release|Any CPU
		{0A7E18A6-24E4-4366-97C5-A88CB37E6A30}.Release|Any CPU.Build.0 = Release|Any CPU
	EndGlobalSection
	GlobalSection(SolutionProperties) = preSolution
		HideSolutionNode = FALSE
	EndGlobalSection
	GlobalSection(ExtensibilityGlobals) = postSolution
		SolutionGuid = {8466BBEA-2133-4143-B561-DBE5510D9950}
	EndGlobalSection
EndGlobal
